
Microsoft Visual Studio Solution File, Format Version 12.00
# Visual Studio Version 17
VisualStudioVersion = 17.14.36310.24
MinimumVisualStudioVersion = 10.0.40219.1
Project("{FAE04EC0-301F-11D3-BF4B-00C04F79EFBC}") = "GrpcServer", "GrpcServer\GrpcServer.csproj", "{08DAA630-51FE-4C7E-A3A7-18564F91BDC2}"
EndProject
Project("{2150E333-8FDC-42A3-9474-1A3956D46DE8}") = "Certs", "Certs", "{02EA681E-C7D8-13C7-8484-4AC65E1B71E8}"
	ProjectSection(SolutionItems) = preProject
		certs\localhost.crt = certs\localhost.crt
	EndProjectSection
EndProject
Project("{FAE04EC0-301F-11D3-BF4B-00C04F79EFBC}") = "GrpcClient", "GrpcClient\GrpcClient.csproj", "{D5ED5307-BFC1-4E3C-A1AD-6F131C6A761F}"
EndProject
Global
	GlobalSection(SolutionConfigurationPlatforms) = preSolution
		Debug|Any CPU = Debug|Any CPU
		Release|Any CPU = Release|Any CPU
	EndGlobalSection
	GlobalSection(ProjectConfigurationPlatforms) = postSolution
		{08DAA630-51FE-4C7E-A3A7-18564F91BDC2}.Debug|Any CPU.ActiveCfg = Debug|Any CPU
		{08DAA630-51FE-4C7E-A3A7-18564F91BDC2}.Debug|Any CPU.Build.0 = Debug|Any CPU
		{08DAA630-51FE-4C7E-A3A7-18564F91BDC2}.Release|Any CPU.ActiveCfg = Release|Any CPU
		{08DAA630-51FE-4C7E-A3A7-18564F91BDC2}.Release|Any CPU.Build.0 = Release|Any CPU
		{D5ED5307-BFC1-4E3C-A1AD-6F131C6A761F}.Debug|Any CPU.ActiveCfg = Debug|Any CPU
		{D5ED5307-BFC1-4E3C-A1AD-6F131C6A761F}.Debug|Any CPU.Build.0 = Debug|Any CPU
		{D5ED5307-BFC1-4E3C-A1AD-6F131C6A761F}.Release|Any CPU.ActiveCfg = Release|Any CPU
		{D5ED5307-BFC1-4E3C-A1AD-6F131C6A761F}.Release|Any CPU.Build.0 = Release|Any CPU
	EndGlobalSection
	GlobalSection(SolutionProperties) = preSolution
		HideSolutionNode = FALSE
	EndGlobalSection
	GlobalSection(ExtensibilityGlobals) = postSolution
		SolutionGuid = {51C84739-0372-44D9-BB85-091AFE9604AF}
	EndGlobalSection
EndGlobal
